
Microsoft Visual Studio Solution File, Format Version 12.00
# Visual Studio Version 17
VisualStudioVersion = 17.0.31903.59
MinimumVisualStudioVersion = 10.0.40219.1
Project("{2150E333-8FDC-42A3-9474-1A3956D46DE8}") = "services", "services", "{5854FF58-B8C5-05C6-5BF2-ACE42193F22B}"
EndProject
Project("{2150E333-8FDC-42A3-9474-1A3956D46DE8}") = "catalog-api", "catalog-api", "{698D5634-655E-118C-B790-62BF0FE0FFDE}"
EndProject
Project("{FAE04EC0-301F-11D3-BF4B-00C04F79EFBC}") = "Catalog.Api", "services\catalog-api\Catalog.Api.csproj", "{CA4FB0F4-E3EE-4823-BC5B-B584CD3A7354}"
EndProject
Project("{FAE04EC0-301F-11D3-BF4B-00C04F79EFBC}") = "Catalog.Domain", "libs\catalog-domain\Catalog.Domain.csproj", "{E572EFE8-C751-41EB-8B5D-92EBF0B63E7D}"
EndProject
Project("{FAE04EC0-301F-11D3-BF4B-00C04F79EFBC}") = "Catalog.Application", "libs\catalog-application\Catalog.Application.csproj", "{EEB808F2-0A90-4F5D-A6DF-3C1DABB1E98D}"
EndProject
Project("{FAE04EC0-301F-11D3-BF4B-00C04F79EFBC}") = "Catalog.Infrastructure", "libs\catalog-infrastructure\Catalog.Infrastructure.csproj", "{57C57899-4C2B-4D65-A23A-3D3E144C32F9}"
EndProject
Project("{FAE04EC0-301F-11D3-BF4B-00C04F79EFBC}") = "Catalog.UnitTests", "tests\unit\Catalog.UnitTests.csproj", "{517A2BCA-4698-427A-8BC6-28541E8E0870}"
EndProject
Project("{FAE04EC0-301F-11D3-BF4B-00C04F79EFBC}") = "Catalog.IntegrationTests", "tests\integration\Catalog.IntegrationTests.csproj", "{E68CC1C1-C935-4108-9D34-B86A876D38FB}"
EndProject
Global
	GlobalSection(SolutionConfigurationPlatforms) = preSolution
		Debug|Any CPU = Debug|Any CPU
		Debug|x64 = Debug|x64
		Debug|x86 = Debug|x86
		Release|Any CPU = Release|Any CPU
		Release|x64 = Release|x64
		Release|x86 = Release|x86
	EndGlobalSection
	GlobalSection(ProjectConfigurationPlatforms) = postSolution
		{CA4FB0F4-E3EE-4823-BC5B-B584CD3A7354}.Debug|Any CPU.ActiveCfg = Debug|Any CPU
		{CA4FB0F4-E3EE-4823-BC5B-B584CD3A7354}.Debug|Any CPU.Build.0 = Debug|Any CPU
		{CA4FB0F4-E3EE-4823-BC5B-B584CD3A7354}.Debug|x64.ActiveCfg = Debug|Any CPU
		{CA4FB0F4-E3EE-4823-BC5B-B584CD3A7354}.Debug|x64.Build.0 = Debug|Any CPU
		{CA4FB0F4-E3EE-4823-BC5B-B584CD3A7354}.Debug|x86.ActiveCfg = Debug|Any CPU
		{CA4FB0F4-E3EE-4823-BC5B-B584CD3A7354}.Debug|x86.Build.0 = Debug|Any CPU
		{CA4FB0F4-E3EE-4823-BC5B-B584CD3A7354}.Release|Any CPU.ActiveCfg = Release|Any CPU
		{CA4FB0F4-E3EE-4823-BC5B-B584CD3A7354}.Release|Any CPU.Build.0 = Release|Any CPU
		{CA4FB0F4-E3EE-4823-BC5B-B584CD3A7354}.Release|x64.ActiveCfg = Release|Any CPU
		{CA4FB0F4-E3EE-4823-BC5B-B584CD3A7354}.Release|x64.Build.0 = Release|Any CPU
		{CA4FB0F4-E3EE-4823-BC5B-B584CD3A7354}.Release|x86.ActiveCfg = Release|Any CPU
		{CA4FB0F4-E3EE-4823-BC5B-B584CD3A7354}.Release|x86.Build.0 = Release|Any CPU
		{E572EFE8-C751-41EB-8B5D-92EBF0B63E7D}.Debug|Any CPU.ActiveCfg = Debug|Any CPU
		{E572EFE8-C751-41EB-8B5D-92EBF0B63E7D}.Debug|Any CPU.Build.0 = Debug|Any CPU
		{E572EFE8-C751-41EB-8B5D-92EBF0B63E7D}.Debug|x64.ActiveCfg = Debug|Any CPU
		{E572EFE8-C751-41EB-8B5D-92EBF0B63E7D}.Debug|x64.Build.0 = Debug|Any CPU
		{E572EFE8-C751-41EB-8B5D-92EBF0B63E7D}.Debug|x86.ActiveCfg = Debug|Any CPU
		{E572EFE8-C751-41EB-8B5D-92EBF0B63E7D}.Debug|x86.Build.0 = Debug|Any CPU
		{E572EFE8-C751-41EB-8B5D-92EBF0B63E7D}.Release|Any CPU.ActiveCfg = Release|Any CPU
		{E572EFE8-C751-41EB-8B5D-92EBF0B63E7D}.Release|Any CPU.Build.0 = Release|Any CPU
		{E572EFE8-C751-41EB-8B5D-92EBF0B63E7D}.Release|x64.ActiveCfg = Release|Any CPU
		{E572EFE8-C751-41EB-8B5D-92EBF0B63E7D}.Release|x64.Build.0 = Release|Any CPU
		{E572EFE8-C751-41EB-8B5D-92EBF0B63E7D}.Release|x86.ActiveCfg = Release|Any CPU
		{E572EFE8-C751-41EB-8B5D-92EBF0B63E7D}.Release|x86.Build.0 = Release|Any CPU
		{EEB808F2-0A90-4F5D-A6DF-3C1DABB1E98D}.Debug|Any CPU.ActiveCfg = Debug|Any CPU
		{EEB808F2-0A90-4F5D-A6DF-3C1DABB1E98D}.Debug|Any CPU.Build.0 = Debug|Any CPU
		{EEB808F2-0A90-4F5D-A6DF-3C1DABB1E98D}.Debug|x64.ActiveCfg = Debug|Any CPU
		{EEB808F2-0A90-4F5D-A6DF-3C1DABB1E98D}.Debug|x64.Build.0 = Debug|Any CPU
		{EEB808F2-0A90-4F5D-A6DF-3C1DABB1E98D}.Debug|x86.ActiveCfg = Debug|Any CPU
		{EEB808F2-0A90-4F5D-A6DF-3C1DABB1E98D}.Debug|x86.Build.0 = Debug|Any CPU
		{EEB808F2-0A90-4F5D-A6DF-3C1DABB1E98D}.Release|Any CPU.ActiveCfg = Release|Any CPU
		{EEB808F2-0A90-4F5D-A6DF-3C1DABB1E98D}.Release|Any CPU.Build.0 = Release|Any CPU
		{EEB808F2-0A90-4F5D-A6DF-3C1DABB1E98D}.Release|x64.ActiveCfg = Release|Any CPU
		{EEB808F2-0A90-4F5D-A6DF-3C1DABB1E98D}.Release|x64.Build.0 = Release|Any CPU
		{EEB808F2-0A90-4F5D-A6DF-3C1DABB1E98D}.Release|x86.ActiveCfg = Release|Any CPU
		{EEB808F2-0A90-4F5D-A6DF-3C1DABB1E98D}.Release|x86.Build.0 = Release|Any CPU
		{57C57899-4C2B-4D65-A23A-3D3E144C32F9}.Debug|Any CPU.ActiveCfg = Debug|Any CPU
		{57C57899-4C2B-4D65-A23A-3D3E144C32F9}.Debug|Any CPU.Build.0 = Debug|Any CPU
		{57C57899-4C2B-4D65-A23A-3D3E144C32F9}.Debug|x64.ActiveCfg = Debug|Any CPU
		{57C57899-4C2B-4D65-A23A-3D3E144C32F9}.Debug|x64.Build.0 = Debug|Any CPU
		{57C57899-4C2B-4D65-A23A-3D3E144C32F9}.Debug|x86.ActiveCfg = Debug|Any CPU
		{57C57899-4C2B-4D65-A23A-3D3E144C32F9}.Debug|x86.Build.0 = Debug|Any CPU
		{57C57899-4C2B-4D65-A23A-3D3E144C32F9}.Release|Any CPU.ActiveCfg = Release|Any CPU
		{57C57899-4C2B-4D65-A23A-3D3E144C32F9}.Release|Any CPU.Build.0 = Release|Any CPU
		{57C57899-4C2B-4D65-A23A-3D3E144C32F9}.Release|x64.ActiveCfg = Release|Any CPU
		{57C57899-4C2B-4D65-A23A-3D3E144C32F9}.Release|x64.Build.0 = Release|Any CPU
		{57C57899-4C2B-4D65-A23A-3D3E144C32F9}.Release|x86.ActiveCfg = Release|Any CPU
		{57C57899-4C2B-4D65-A23A-3D3E144C32F9}.Release|x86.Build.0 = Release|Any CPU
		{517A2BCA-4698-427A-8BC6-28541E8E0870}.Debug|Any CPU.ActiveCfg = Debug|Any CPU
		{517A2BCA-4698-427A-8BC6-28541E8E0870}.Debug|Any CPU.Build.0 = Debug|Any CPU
		{517A2BCA-4698-427A-8BC6-28541E8E0870}.Debug|x64.ActiveCfg = Debug|Any CPU
		{517A2BCA-4698-427A-8BC6-28541E8E0870}.Debug|x64.Build.0 = Debug|Any CPU
		{517A2BCA-4698-427A-8BC6-28541E8E0870}.Debug|x86.ActiveCfg = Debug|Any CPU
		{517A2BCA-4698-427A-8BC6-28541E8E0870}.Debug|x86.Build.0 = Debug|Any CPU
		{517A2BCA-4698-427A-8BC6-28541E8E0870}.Release|Any CPU.ActiveCfg = Release|Any CPU
		{517A2BCA-4698-427A-8BC6-28541E8E0870}.Release|Any CPU.Build.0 = Release|Any CPU
		{517A2BCA-4698-427A-8BC6-28541E8E0870}.Release|x64.ActiveCfg = Release|Any CPU
		{517A2BCA-4698-427A-8BC6-28541E8E0870}.Release|x64.Build.0 = Release|Any CPU
		{517A2BCA-4698-427A-8BC6-28541E8E0870}.Release|x86.ActiveCfg = Release|Any CPU
		{517A2BCA-4698-427A-8BC6-28541E8E0870}.Release|x86.Build.0 = Release|Any CPU
		{E68CC1C1-C935-4108-9D34-B86A876D38FB}.Debug|Any CPU.ActiveCfg = Debug|Any CPU
		{E68CC1C1-C935-4108-9D34-B86A876D38FB}.Debug|Any CPU.Build.0 = Debug|Any CPU
		{E68CC1C1-C935-4108-9D34-B86A876D38FB}.Debug|x64.ActiveCfg = Debug|Any CPU
		{E68CC1C1-C935-4108-9D34-B86A876D38FB}.Debug|x64.Build.0 = Debug|Any CPU
		{E68CC1C1-C935-4108-9D34-B86A876D38FB}.Debug|x86.ActiveCfg = Debug|Any CPU
		{E68CC1C1-C935-4108-9D34-B86A876D38FB}.Debug|x86.Build.0 = Debug|Any CPU
		{E68CC1C1-C935-4108-9D34-B86A876D38FB}.Release|Any CPU.ActiveCfg = Release|Any CPU
		{E68CC1C1-C935-4108-9D34-B86A876D38FB}.Release|Any CPU.Build.0 = Release|Any CPU
		{E68CC1C1-C935-4108-9D34-B86A876D38FB}.Release|x64.ActiveCfg = Release|Any CPU
		{E68CC1C1-C935-4108-9D34-B86A876D38FB}.Release|x64.Build.0 = Release|Any CPU
		{E68CC1C1-C935-4108-9D34-B86A876D38FB}.Release|x86.ActiveCfg = Release|Any CPU
		{E68CC1C1-C935-4108-9D34-B86A876D38FB}.Release|x86.Build.0 = Release|Any CPU
	EndGlobalSection
	GlobalSection(SolutionProperties) = preSolution
		HideSolutionNode = FALSE
	EndGlobalSection
	GlobalSection(NestedProjects) = preSolution
		{698D5634-655E-118C-B790-62BF0FE0FFDE} = {5854FF58-B8C5-05C6-5BF2-ACE42193F22B}
		{CA4FB0F4-E3EE-4823-BC5B-B584CD3A7354} = {698D5634-655E-118C-B790-62BF0FE0FFDE}
		{E572EFE8-C751-41EB-8B5D-92EBF0B63E7D} = {698D5634-655E-118C-B790-62BF0FE0FFDE}
		{EEB808F2-0A90-4F5D-A6DF-3C1DABB1E98D} = {698D5634-655E-118C-B790-62BF0FE0FFDE}
		{57C57899-4C2B-4D65-A23A-3D3E144C32F9} = {698D5634-655E-118C-B790-62BF0FE0FFDE}
		{517A2BCA-4698-427A-8BC6-28541E8E0870} = {698D5634-655E-118C-B790-62BF0FE0FFDE}
		{E68CC1C1-C935-4108-9D34-B86A876D38FB} = {698D5634-655E-118C-B790-62BF0FE0FFDE}
	EndGlobalSection
EndGlobal
